
Microsoft Visual Studio Solution File, Format Version 12.00
# Visual Studio Version 16
VisualStudioVersion = 16.0.30503.244
MinimumVisualStudioVersion = 10.0.40219.1
Project("{FAE04EC0-301F-11D3-BF4B-00C04F79EFBC}") = "huffmanCoding", "huffmanCoding.csproj", "{B54680C0-6A42-406F-9F28-2B05EB47BF75}"
EndProject
Global
	GlobalSection(SolutionConfigurationPlatforms) = preSolution
		Debug|Any CPU = Debug|Any CPU
		Release|Any CPU = Release|Any CPU
	EndGlobalSection
	GlobalSection(ProjectConfigurationPlatforms) = postSolution
		{B54680C0-6A42-406F-9F28-2B05EB47BF75}.Debug|Any CPU.ActiveCfg = Debug|Any CPU
		{B54680C0-6A42-406F-9F28-2B05EB47BF75}.Debug|Any CPU.Build.0 = Debug|Any CPU
		{B54680C0-6A42-406F-9F28-2B05EB47BF75}.Release|Any CPU.ActiveCfg = Release|Any CPU
		{B54680C0-6A42-406F-9F28-2B05EB47BF75}.Release|Any CPU.Build.0 = Release|Any CPU
	EndGlobalSection
	GlobalSection(SolutionProperties) = preSolution
		HideSolutionNode = FALSE
	EndGlobalSection
	GlobalSection(ExtensibilityGlobals) = postSolution
		SolutionGuid = {E276F938-93DF-4AAD-A8D0-D54DEE00F322}
	EndGlobalSection
EndGlobal
